
Microsoft Visual Studio Solution File, Format Version 12.00
# Visual Studio 15
VisualStudioVersion = 15.0.27703.2026
MinimumVisualStudioVersion = 10.0.40219.1
Project("{FAE04EC0-301F-11D3-BF4B-00C04F79EFBC}") = "ConversionProject", "ConversionProject\ConversionProject.csproj", "{E0B01BAA-9CA4-4DBF-9915-8496194D1018}"
EndProject
Global
	GlobalSection(SolutionConfigurationPlatforms) = preSolution
		Debug|Any CPU = Debug|Any CPU
		Release|Any CPU = Release|Any CPU
	EndGlobalSection
	GlobalSection(ProjectConfigurationPlatforms) = postSolution
		{E0B01BAA-9CA4-4DBF-9915-8496194D1018}.Debug|Any CPU.ActiveCfg = Debug|Any CPU
		{E0B01BAA-9CA4-4DBF-9915-8496194D1018}.Debug|Any CPU.Build.0 = Debug|Any CPU
		{E0B01BAA-9CA4-4DBF-9915-8496194D1018}.Release|Any CPU.ActiveCfg = Release|Any CPU
		{E0B01BAA-9CA4-4DBF-9915-8496194D1018}.Release|Any CPU.Build.0 = Release|Any CPU
	EndGlobalSection
	GlobalSection(SolutionProperties) = preSolution
		HideSolutionNode = FALSE
	EndGlobalSection
	GlobalSection(ExtensibilityGlobals) = postSolution
		SolutionGuid = {20B5B73C-3308-416D-8C20-E93CC7F959CD}
	EndGlobalSection
EndGlobal
