
Microsoft Visual Studio Solution File, Format Version 12.00
# Visual Studio 15
VisualStudioVersion = 15.0.27703.2026
MinimumVisualStudioVersion = 10.0.40219.1
Project("{FAE04EC0-301F-11D3-BF4B-00C04F79EFBC}") = "input output", "input output\input output.csproj", "{84C9E9F0-1FE5-4E44-938E-0D6E57D37596}"
EndProject
Global
	GlobalSection(SolutionConfigurationPlatforms) = preSolution
		Debug|Any CPU = Debug|Any CPU
		Release|Any CPU = Release|Any CPU
	EndGlobalSection
	GlobalSection(ProjectConfigurationPlatforms) = postSolution
		{84C9E9F0-1FE5-4E44-938E-0D6E57D37596}.Debug|Any CPU.ActiveCfg = Debug|Any CPU
		{84C9E9F0-1FE5-4E44-938E-0D6E57D37596}.Debug|Any CPU.Build.0 = Debug|Any CPU
		{84C9E9F0-1FE5-4E44-938E-0D6E57D37596}.Release|Any CPU.ActiveCfg = Release|Any CPU
		{84C9E9F0-1FE5-4E44-938E-0D6E57D37596}.Release|Any CPU.Build.0 = Release|Any CPU
	EndGlobalSection
	GlobalSection(SolutionProperties) = preSolution
		HideSolutionNode = FALSE
	EndGlobalSection
	GlobalSection(ExtensibilityGlobals) = postSolution
		SolutionGuid = {B817706C-2160-4636-9244-8FF21313B78A}
	EndGlobalSection
EndGlobal
