
Microsoft Visual Studio Solution File, Format Version 12.00
# Visual Studio 15
VisualStudioVersion = 15.0.27703.2026
MinimumVisualStudioVersion = 10.0.40219.1
Project("{FAE04EC0-301F-11D3-BF4B-00C04F79EFBC}") = "Coach Project", "Coach Project\Coach Project.csproj", "{89D62B15-D5EA-45D1-B4C8-D8C1F3EDECC6}"
EndProject
Global
	GlobalSection(SolutionConfigurationPlatforms) = preSolution
		Debug|Any CPU = Debug|Any CPU
		Release|Any CPU = Release|Any CPU
	EndGlobalSection
	GlobalSection(ProjectConfigurationPlatforms) = postSolution
		{89D62B15-D5EA-45D1-B4C8-D8C1F3EDECC6}.Debug|Any CPU.ActiveCfg = Debug|Any CPU
		{89D62B15-D5EA-45D1-B4C8-D8C1F3EDECC6}.Debug|Any CPU.Build.0 = Debug|Any CPU
		{89D62B15-D5EA-45D1-B4C8-D8C1F3EDECC6}.Release|Any CPU.ActiveCfg = Release|Any CPU
		{89D62B15-D5EA-45D1-B4C8-D8C1F3EDECC6}.Release|Any CPU.Build.0 = Release|Any CPU
	EndGlobalSection
	GlobalSection(SolutionProperties) = preSolution
		HideSolutionNode = FALSE
	EndGlobalSection
	GlobalSection(ExtensibilityGlobals) = postSolution
		SolutionGuid = {642A50A2-03E9-41E6-B1B5-7B1CED0FFCCA}
	EndGlobalSection
EndGlobal
