
Microsoft Visual Studio Solution File, Format Version 12.00
# Visual Studio 15
VisualStudioVersion = 15.0.27703.2026
MinimumVisualStudioVersion = 10.0.40219.1
Project("{FAE04EC0-301F-11D3-BF4B-00C04F79EFBC}") = "Listexercise", "Listexercise\Listexercise.csproj", "{B2229068-E376-47B0-988C-BFE5F24CF23A}"
EndProject
Global
	GlobalSection(SolutionConfigurationPlatforms) = preSolution
		Debug|Any CPU = Debug|Any CPU
		Release|Any CPU = Release|Any CPU
	EndGlobalSection
	GlobalSection(ProjectConfigurationPlatforms) = postSolution
		{B2229068-E376-47B0-988C-BFE5F24CF23A}.Debug|Any CPU.ActiveCfg = Debug|Any CPU
		{B2229068-E376-47B0-988C-BFE5F24CF23A}.Debug|Any CPU.Build.0 = Debug|Any CPU
		{B2229068-E376-47B0-988C-BFE5F24CF23A}.Release|Any CPU.ActiveCfg = Release|Any CPU
		{B2229068-E376-47B0-988C-BFE5F24CF23A}.Release|Any CPU.Build.0 = Release|Any CPU
	EndGlobalSection
	GlobalSection(SolutionProperties) = preSolution
		HideSolutionNode = FALSE
	EndGlobalSection
	GlobalSection(ExtensibilityGlobals) = postSolution
		SolutionGuid = {994886DC-CD0C-4116-84D5-93351276CD42}
	EndGlobalSection
EndGlobal
